
Microsoft Visual Studio Solution File, Format Version 12.00
# Visual Studio Version 16
VisualStudioVersion = 16.0.30711.63
MinimumVisualStudioVersion = 10.0.40219.1
Project("{FAE04EC0-301F-11D3-BF4B-00C04F79EFBC}") = "sol01", "sol01.csproj", "{5717D25B-7B76-4ADB-A1D4-5E6F7F73C05F}"
EndProject
Global
	GlobalSection(SolutionConfigurationPlatforms) = preSolution
		Debug|Any CPU = Debug|Any CPU
		Release|Any CPU = Release|Any CPU
	EndGlobalSection
	GlobalSection(ProjectConfigurationPlatforms) = postSolution
		{5717D25B-7B76-4ADB-A1D4-5E6F7F73C05F}.Debug|Any CPU.ActiveCfg = Debug|Any CPU
		{5717D25B-7B76-4ADB-A1D4-5E6F7F73C05F}.Debug|Any CPU.Build.0 = Debug|Any CPU
		{5717D25B-7B76-4ADB-A1D4-5E6F7F73C05F}.Release|Any CPU.ActiveCfg = Release|Any CPU
		{5717D25B-7B76-4ADB-A1D4-5E6F7F73C05F}.Release|Any CPU.Build.0 = Release|Any CPU
	EndGlobalSection
	GlobalSection(SolutionProperties) = preSolution
		HideSolutionNode = FALSE
	EndGlobalSection
	GlobalSection(ExtensibilityGlobals) = postSolution
		SolutionGuid = {CD7B1122-5123-4273-878C-07D41D1C32AB}
	EndGlobalSection
EndGlobal
